
Microsoft Visual Studio Solution File, Format Version 12.00
# Visual Studio Version 17
VisualStudioVersion = 17.12.35506.116
MinimumVisualStudioVersion = 10.0.40219.1
Project("{FAE04EC0-301F-11D3-BF4B-00C04F79EFBC}") = "Wisedev.Magic.Server", "Wisedev.Magic.Server\Wisedev.Magic.Server.csproj", "{7DD15999-E227-4D71-85AE-F8D11D743BB3}"
EndProject
Project("{FAE04EC0-301F-11D3-BF4B-00C04F79EFBC}") = "Wisedev.Magic.Titan", "Wisedev.Magic.Titan\Wisedev.Magic.Titan.csproj", "{70825C70-D75B-4587-97AA-2D892133DA4C}"
EndProject
Project("{FAE04EC0-301F-11D3-BF4B-00C04F79EFBC}") = "Wisedev.Magic.Logic", "Wisedev.Magic.Logic\Wisedev.Magic.Logic.csproj", "{1118951E-2C50-401E-98C3-8C032AD5C012}"
EndProject
Global
	GlobalSection(SolutionConfigurationPlatforms) = preSolution
		Debug|Any CPU = Debug|Any CPU
		Release|Any CPU = Release|Any CPU
	EndGlobalSection
	GlobalSection(ProjectConfigurationPlatforms) = postSolution
		{7DD15999-E227-4D71-85AE-F8D11D743BB3}.Debug|Any CPU.ActiveCfg = Debug|Any CPU
		{7DD15999-E227-4D71-85AE-F8D11D743BB3}.Debug|Any CPU.Build.0 = Debug|Any CPU
		{7DD15999-E227-4D71-85AE-F8D11D743BB3}.Release|Any CPU.ActiveCfg = Release|Any CPU
		{7DD15999-E227-4D71-85AE-F8D11D743BB3}.Release|Any CPU.Build.0 = Release|Any CPU
		{70825C70-D75B-4587-97AA-2D892133DA4C}.Debug|Any CPU.ActiveCfg = Debug|Any CPU
		{70825C70-D75B-4587-97AA-2D892133DA4C}.Debug|Any CPU.Build.0 = Debug|Any CPU
		{70825C70-D75B-4587-97AA-2D892133DA4C}.Release|Any CPU.ActiveCfg = Release|Any CPU
		{70825C70-D75B-4587-97AA-2D892133DA4C}.Release|Any CPU.Build.0 = Release|Any CPU
		{1118951E-2C50-401E-98C3-8C032AD5C012}.Debug|Any CPU.ActiveCfg = Debug|Any CPU
		{1118951E-2C50-401E-98C3-8C032AD5C012}.Debug|Any CPU.Build.0 = Debug|Any CPU
		{1118951E-2C50-401E-98C3-8C032AD5C012}.Release|Any CPU.ActiveCfg = Release|Any CPU
		{1118951E-2C50-401E-98C3-8C032AD5C012}.Release|Any CPU.Build.0 = Release|Any CPU
	EndGlobalSection
	GlobalSection(SolutionProperties) = preSolution
		HideSolutionNode = FALSE
	EndGlobalSection
	GlobalSection(ExtensibilityGlobals) = postSolution
		SolutionGuid = {3CE9C54E-4D49-4301-B766-4B5C02160D83}
	EndGlobalSection
EndGlobal
